
Microsoft Visual Studio Solution File, Format Version 12.00
# Visual Studio Version 16
VisualStudioVersion = 16.0.29920.165
MinimumVisualStudioVersion = 10.0.40219.1
Project("{FAE04EC0-301F-11D3-BF4B-00C04F79EFBC}") = "pWhois", "pWhois\pWhois.csproj", "{4D6BBBE7-E0CF-425B-B65C-E030BD5C2B4A}"
EndProject
Global
	GlobalSection(SolutionConfigurationPlatforms) = preSolution
		Debug|Any CPU = Debug|Any CPU
		Release|Any CPU = Release|Any CPU
	EndGlobalSection
	GlobalSection(ProjectConfigurationPlatforms) = postSolution
		{4D6BBBE7-E0CF-425B-B65C-E030BD5C2B4A}.Debug|Any CPU.ActiveCfg = Debug|Any CPU
		{4D6BBBE7-E0CF-425B-B65C-E030BD5C2B4A}.Debug|Any CPU.Build.0 = Debug|Any CPU
		{4D6BBBE7-E0CF-425B-B65C-E030BD5C2B4A}.Release|Any CPU.ActiveCfg = Release|Any CPU
		{4D6BBBE7-E0CF-425B-B65C-E030BD5C2B4A}.Release|Any CPU.Build.0 = Release|Any CPU
	EndGlobalSection
	GlobalSection(SolutionProperties) = preSolution
		HideSolutionNode = FALSE
	EndGlobalSection
	GlobalSection(ExtensibilityGlobals) = postSolution
		SolutionGuid = {F69ED5BF-A622-4302-B95A-4EC0C8646A7B}
	EndGlobalSection
EndGlobal
